
Microsoft Visual Studio Solution File, Format Version 12.00
# Visual Studio Version 17
VisualStudioVersion = 17.7.34202.233
MinimumVisualStudioVersion = 10.0.40219.1
Project("{FAE04EC0-301F-11D3-BF4B-00C04F79EFBC}") = "Nistor_Anamaria_Lab1", "Nistor_Anamaria_Lab1.csproj", "{D133F51A-51FB-48A2-A878-5526A8E7A636}"
EndProject
Global
	GlobalSection(SolutionConfigurationPlatforms) = preSolution
		Debug|Any CPU = Debug|Any CPU
		Release|Any CPU = Release|Any CPU
	EndGlobalSection
	GlobalSection(ProjectConfigurationPlatforms) = postSolution
		{D133F51A-51FB-48A2-A878-5526A8E7A636}.Debug|Any CPU.ActiveCfg = Debug|Any CPU
		{D133F51A-51FB-48A2-A878-5526A8E7A636}.Debug|Any CPU.Build.0 = Debug|Any CPU
		{D133F51A-51FB-48A2-A878-5526A8E7A636}.Release|Any CPU.ActiveCfg = Release|Any CPU
		{D133F51A-51FB-48A2-A878-5526A8E7A636}.Release|Any CPU.Build.0 = Release|Any CPU
	EndGlobalSection
	GlobalSection(SolutionProperties) = preSolution
		HideSolutionNode = FALSE
	EndGlobalSection
	GlobalSection(ExtensibilityGlobals) = postSolution
		SolutionGuid = {BF24BAC7-431A-4EB1-9695-738732BA4D0C}
	EndGlobalSection
EndGlobal
